PODS:
  - JCSegmentBarController (1.0.0)

DEPENDENCIES:
  - JCSegmentBarController (from `../`)

EXTERNAL SOURCES:
  JCSegmentBarController:
    :path: ../

SPEC CHECKSUMS:
  JCSegmentBarController: 1235ab5373054e2aef0d76f08e141145782f2091

PODFILE CHECKSUM: dbfdb47f5e38ac09d785e74a21ef5e928eae4391

COCOAPODS: 1.2.0.beta.1
