PODS:
  - JCSegmentBarController (2.0.2)

DEPENDENCIES:
  - JCSegmentBarController (from `../`)

EXTERNAL SOURCES:
  JCSegmentBarController:
    :path: ../

SPEC CHECKSUMS:
  JCSegmentBarController: d3629261ecbc22952a1f711a0671a14cb642e9d1

PODFILE CHECKSUM: 7c7fcbec6cdc16833c94d57e4802cd07a7134058

COCOAPODS: 1.2.0
